# generated by rye
# use `rye lock` or `rye sync` to update this lockfile
#
# last locked with the following flags:
#   pre: false
#   features: []
#   all-features: false
#   with-sources: false
#   generate-hashes: false
#   universal: false

-e file:.
click==8.1.8
    # via typer
markdown-it-py==3.0.0
    # via rich
mdurl==0.1.2
    # via markdown-it-py
pygments==2.19.1
    # via rich
rich==14.0.0
    # via typer
    # via xortool
shellingham==1.5.4
    # via typer
typer==0.15.2
    # via xortool
typing-extensions==4.13.2
    # via typer
